// !$*UTF8*$!
{
	archiveVersion = 1;
	classes = {
	};
	objectVersion = 56;
	objects = {

/* Begin PBXBuildFile section */
		1B73D4AA2A4B3DE100A791C2 /* AppDelegate.swift in Sources */ = {isa = PBXBuildFile; fileRef = 1B73D4A92A4B3DE100A791C2 /* AppDelegate.swift */; };
		1B73D4AC2A4B3DE100A791C2 /* SceneDelegate.swift in Sources */ = {isa = PBXBuildFile; fileRef = 1B73D4AB2A4B3DE100A791C2 /* SceneDelegate.swift */; };
		1B73D4B32A4B3DE200A791C2 /* Assets.xcassets in Resources */ = {isa = PBXBuildFile; fileRef = 1B73D4B22A4B3DE200A791C2 /* Assets.xcassets */; };
		1B73D4B62A4B3DE200A791C2 /* LaunchScreen.storyboard in Resources */ = {isa = PBXBuildFile; fileRef = 1B73D4B42A4B3DE200A791C2 /* LaunchScreen.storyboard */; };
		1B73D4C42A4B3E8F00A791C2 /* MainView.swift in Sources */ = {isa = PBXBuildFile; fileRef = 1B73D4BE2A4B3E8F00A791C2 /* MainView.swift */; };
		1B73D4C52A4B3E8F00A791C2 /* SmallMovieCell.swift in Sources */ = {isa = PBXBuildFile; fileRef = 1B73D4BF2A4B3E8F00A791C2 /* SmallMovieCell.swift */; };
		1B73D4C62A4B3E8F00A791C2 /* DetailsView.swift in Sources */ = {isa = PBXBuildFile; fileRef = 1B73D4C02A4B3E8F00A791C2 /* DetailsView.swift */; };
		1B73D4C72A4B3E8F00A791C2 /* DetailsMovieCell.swift in Sources */ = {isa = PBXBuildFile; fileRef = 1B73D4C12A4B3E8F00A791C2 /* DetailsMovieCell.swift */; };
		1B73D4CB2A4B3EF400A791C2 /* Main.storyboard in Resources */ = {isa = PBXBuildFile; fileRef = 1B73D4CA2A4B3EF400A791C2 /* Main.storyboard */; };
		1B73D4CE2A4B3FDF00A791C2 /* Model.swift in Sources */ = {isa = PBXBuildFile; fileRef = 1B73D4CD2A4B3FDF00A791C2 /* Model.swift */; };
		4278A5FC2BB2091300D2934B /* NetworkCallsTemplateTests.swift in Sources */ = {isa = PBXBuildFile; fileRef = 4278A5FB2BB2091300D2934B /* NetworkCallsTemplateTests.swift */; };
		4278A6042BB3373F00D2934B /* MovieDBServiceMock.swift in Sources */ = {isa = PBXBuildFile; fileRef = 4278A6022BB3369E00D2934B /* MovieDBServiceMock.swift */; };
		731C1D3D2BB395050029130E /* NetworkCallsTemplateUITests.swift in Sources */ = {isa = PBXBuildFile; fileRef = 731C1D3C2BB395050029130E /* NetworkCallsTemplateUITests.swift */; };
		731C1D3F2BB395050029130E /* NetworkCallsTemplateUITestsLaunchTests.swift in Sources */ = {isa = PBXBuildFile; fileRef = 731C1D3E2BB395050029130E /* NetworkCallsTemplateUITestsLaunchTests.swift */; };
		7C3D172E2A4E0C51008FE0A3 /* MovieDBService.swift in Sources */ = {isa = PBXBuildFile; fileRef = 7C3D172D2A4E0C51008FE0A3 /* MovieDBService.swift */; };
		7CF269692BA8C1FB005C7BF6 /* DesignPatterns.swift in Sources */ = {isa = PBXBuildFile; fileRef = 7CF269682BA8C1FB005C7BF6 /* DesignPatterns.swift */; };
		7CF2696B2BA8CDC4005C7BF6 /* MainViewController.swift in Sources */ = {isa = PBXBuildFile; fileRef = 7CF2696A2BA8CDC4005C7BF6 /* MainViewController.swift */; };
		7CF2696D2BA8CE1E005C7BF6 /* DetailViewController.swift in Sources */ = {isa = PBXBuildFile; fileRef = 7CF2696C2BA8CE1E005C7BF6 /* DetailViewController.swift */; };
/* End PBXBuildFile section */

/* Begin PBXContainerItemProxy section */
		4278A5FD2BB2091300D2934B /* PBXContainerItemProxy */ = {
			isa = PBXContainerItemProxy;
			containerPortal = 1B73D49E2A4B3DE100A791C2 /* Project object */;
			proxyType = 1;
			remoteGlobalIDString = 1B73D4A52A4B3DE100A791C2;
			remoteInfo = NetworkCallsTemplate;
		};
		731C1D402BB395050029130E /* PBXContainerItemProxy */ = {
			isa = PBXContainerItemProxy;
			containerPortal = 1B73D49E2A4B3DE100A791C2 /* Project object */;
			proxyType = 1;
			remoteGlobalIDString = 1B73D4A52A4B3DE100A791C2;
			remoteInfo = NetworkCallsTemplate;
		};
/* End PBXContainerItemProxy section */

/* Begin PBXFileReference section */
		1B73D4A62A4B3DE100A791C2 /* NetworkCallsTemplate.app */ = {isa = PBXFileReference; explicitFileType = wrapper.application; includeInIndex = 0; path = NetworkCallsTemplate.app; sourceTree = BUILT_PRODUCTS_DIR; };
		1B73D4A92A4B3DE100A791C2 /* AppDelegate.swift */ = {isa = PBXFileReference; lastKnownFileType = sourcecode.swift; path = AppDelegate.swift; sourceTree = "<group>"; };
		1B73D4AB2A4B3DE100A791C2 /* SceneDelegate.swift */ = {isa = PBXFileReference; lastKnownFileType = sourcecode.swift; path = SceneDelegate.swift; sourceTree = "<group>"; };
		1B73D4B22A4B3DE200A791C2 /* Assets.xcassets */ = {isa = PBXFileReference; lastKnownFileType = folder.assetcatalog; path = Assets.xcassets; sourceTree = "<group>"; };
		1B73D4B52A4B3DE200A791C2 /* Base */ = {isa = PBXFileReference; lastKnownFileType = file.storyboard; name = Base; path = Base.lproj/LaunchScreen.storyboard; sourceTree = "<group>"; };
		1B73D4B72A4B3DE200A791C2 /* Info.plist */ = {isa = PBXFileReference; lastKnownFileType = text.plist.xml; path = Info.plist; sourceTree = "<group>"; };
		1B73D4BE2A4B3E8F00A791C2 /* MainView.swift */ = {isa = PBXFileReference; fileEncoding = 4; lastKnownFileType = sourcecode.swift; path = MainView.swift; sourceTree = "<group>"; };
		1B73D4BF2A4B3E8F00A791C2 /* SmallMovieCell.swift */ = {isa = PBXFileReference; fileEncoding = 4; lastKnownFileType = sourcecode.swift; path = SmallMovieCell.swift; sourceTree = "<group>"; };
		1B73D4C02A4B3E8F00A791C2 /* DetailsView.swift */ = {isa = PBXFileReference; fileEncoding = 4; lastKnownFileType = sourcecode.swift; path = DetailsView.swift; sourceTree = "<group>"; };
		1B73D4C12A4B3E8F00A791C2 /* DetailsMovieCell.swift */ = {isa = PBXFileReference; fileEncoding = 4; lastKnownFileType = sourcecode.swift; path = DetailsMovieCell.swift; sourceTree = "<group>"; };
		1B73D4CA2A4B3EF400A791C2 /* Main.storyboard */ = {isa = PBXFileReference; fileEncoding = 4; lastKnownFileType = file.storyboard; path = Main.storyboard; sourceTree = "<group>"; };
		1B73D4CD2A4B3FDF00A791C2 /* Model.swift */ = {isa = PBXFileReference; fileEncoding = 4; lastKnownFileType = sourcecode.swift; path = Model.swift; sourceTree = "<group>"; };
		4278A5F92BB2091300D2934B /* NetworkCallsTemplateTests.xctest */ = {isa = PBXFileReference; explicitFileType = wrapper.cfbundle; includeInIndex = 0; path = NetworkCallsTemplateTests.xctest; sourceTree = BUILT_PRODUCTS_DIR; };
		4278A5FB2BB2091300D2934B /* NetworkCallsTemplateTests.swift */ = {isa = PBXFileReference; lastKnownFileType = sourcecode.swift; path = NetworkCallsTemplateTests.swift; sourceTree = "<group>"; };
		4278A6022BB3369E00D2934B /* MovieDBServiceMock.swift */ = {isa = PBXFileReference; lastKnownFileType = sourcecode.swift; path = MovieDBServiceMock.swift; sourceTree = "<group>"; };
		731C1D3A2BB395050029130E /* NetworkCallsTemplateUITests.xctest */ = {isa = PBXFileReference; explicitFileType = wrapper.cfbundle; includeInIndex = 0; path = NetworkCallsTemplateUITests.xctest; sourceTree = BUILT_PRODUCTS_DIR; };
		731C1D3C2BB395050029130E /* NetworkCallsTemplateUITests.swift */ = {isa = PBXFileReference; lastKnownFileType = sourcecode.swift; path = NetworkCallsTemplateUITests.swift; sourceTree = "<group>"; };
		731C1D3E2BB395050029130E /* NetworkCallsTemplateUITestsLaunchTests.swift */ = {isa = PBXFileReference; lastKnownFileType = sourcecode.swift; path = NetworkCallsTemplateUITestsLaunchTests.swift; sourceTree = "<group>"; };
		7C3D172D2A4E0C51008FE0A3 /* MovieDBService.swift */ = {isa = PBXFileReference; lastKnownFileType = sourcecode.swift; path = MovieDBService.swift; sourceTree = "<group>"; };
		7CF269682BA8C1FB005C7BF6 /* DesignPatterns.swift */ = {isa = PBXFileReference; lastKnownFileType = sourcecode.swift; path = DesignPatterns.swift; sourceTree = "<group>"; };
		7CF2696A2BA8CDC4005C7BF6 /* MainViewController.swift */ = {isa = PBXFileReference; lastKnownFileType = sourcecode.swift; path = MainViewController.swift; sourceTree = "<group>"; };
		7CF2696C2BA8CE1E005C7BF6 /* DetailViewController.swift */ = {isa = PBXFileReference; lastKnownFileType = sourcecode.swift; path = DetailViewController.swift; sourceTree = "<group>"; };
/* End PBXFileReference section */

/* Begin PBXFrameworksBuildPhase section */
		1B73D4A32A4B3DE100A791C2 /* Frameworks */ = {
			isa = PBXFrameworksBuildPhase;
			buildActionMask = 2147483647;
			files = (
			);
			runOnlyForDeploymentPostprocessing = 0;
		};
		4278A5F62BB2091300D2934B /* Frameworks */ = {
			isa = PBXFrameworksBuildPhase;
			buildActionMask = 2147483647;
			files = (
			);
			runOnlyForDeploymentPostprocessing = 0;
		};
		731C1D372BB395050029130E /* Frameworks */ = {
			isa = PBXFrameworksBuildPhase;
			buildActionMask = 2147483647;
			files = (
			);
			runOnlyForDeploymentPostprocessing = 0;
		};
/* End PBXFrameworksBuildPhase section */

/* Begin PBXGroup section */
		1B73D49D2A4B3DE100A791C2 = {
			isa = PBXGroup;
			children = (
				1B73D4A82A4B3DE100A791C2 /* NetworkCallsTemplate */,
				4278A5FA2BB2091300D2934B /* NetworkCallsTemplateTests */,
				731C1D3B2BB395050029130E /* NetworkCallsTemplateUITests */,
				1B73D4A72A4B3DE100A791C2 /* Products */,
			);
			sourceTree = "<group>";
		};
		1B73D4A72A4B3DE100A791C2 /* Products */ = {
			isa = PBXGroup;
			children = (
				1B73D4A62A4B3DE100A791C2 /* NetworkCallsTemplate.app */,
				4278A5F92BB2091300D2934B /* NetworkCallsTemplateTests.xctest */,
				731C1D3A2BB395050029130E /* NetworkCallsTemplateUITests.xctest */,
			);
			name = Products;
			sourceTree = "<group>";
		};
		1B73D4A82A4B3DE100A791C2 /* NetworkCallsTemplate */ = {
			isa = PBXGroup;
			children = (
				1B73D4CF2A4B402C00A791C2 /* App */,
				1B73D4CC2A4B3FDF00A791C2 /* Model */,
				7CF269672BA8C1DD005C7BF6 /* Controller */,
				1B73D4BD2A4B3E8F00A791C2 /* Views */,
				1B73D4C92A4B3EF400A791C2 /* Storyboards */,
				1B73D4B22A4B3DE200A791C2 /* Assets.xcassets */,
				1B73D4B72A4B3DE200A791C2 /* Info.plist */,
			);
			path = NetworkCallsTemplate;
			sourceTree = "<group>";
		};
		1B73D4BD2A4B3E8F00A791C2 /* Views */ = {
			isa = PBXGroup;
			children = (
				1B73D4BE2A4B3E8F00A791C2 /* MainView.swift */,
				1B73D4BF2A4B3E8F00A791C2 /* SmallMovieCell.swift */,
				1B73D4C02A4B3E8F00A791C2 /* DetailsView.swift */,
				1B73D4C12A4B3E8F00A791C2 /* DetailsMovieCell.swift */,
			);
			path = Views;
			sourceTree = "<group>";
		};
		1B73D4C92A4B3EF400A791C2 /* Storyboards */ = {
			isa = PBXGroup;
			children = (
				1B73D4CA2A4B3EF400A791C2 /* Main.storyboard */,
				1B73D4B42A4B3DE200A791C2 /* LaunchScreen.storyboard */,
			);
			path = Storyboards;
			sourceTree = "<group>";
		};
		1B73D4CC2A4B3FDF00A791C2 /* Model */ = {
			isa = PBXGroup;
			children = (
				1B73D4CD2A4B3FDF00A791C2 /* Model.swift */,
			);
			path = Model;
			sourceTree = "<group>";
		};
		1B73D4CF2A4B402C00A791C2 /* App */ = {
			isa = PBXGroup;
			children = (
				1B73D4A92A4B3DE100A791C2 /* AppDelegate.swift */,
				1B73D4AB2A4B3DE100A791C2 /* SceneDelegate.swift */,
			);
			path = App;
			sourceTree = "<group>";
		};
		4278A5FA2BB2091300D2934B /* NetworkCallsTemplateTests */ = {
			isa = PBXGroup;
			children = (
				4278A5FB2BB2091300D2934B /* NetworkCallsTemplateTests.swift */,
				4278A6022BB3369E00D2934B /* MovieDBServiceMock.swift */,
			);
			path = NetworkCallsTemplateTests;
			sourceTree = "<group>";
		};
		731C1D3B2BB395050029130E /* NetworkCallsTemplateUITests */ = {
			isa = PBXGroup;
			children = (
				731C1D3C2BB395050029130E /* NetworkCallsTemplateUITests.swift */,
				731C1D3E2BB395050029130E /* NetworkCallsTemplateUITestsLaunchTests.swift */,
			);
			path = NetworkCallsTemplateUITests;
			sourceTree = "<group>";
		};
		7CF269672BA8C1DD005C7BF6 /* Controller */ = {
			isa = PBXGroup;
			children = (
				7C3D172D2A4E0C51008FE0A3 /* MovieDBService.swift */,
				7CF2696A2BA8CDC4005C7BF6 /* MainViewController.swift */,
				7CF2696C2BA8CE1E005C7BF6 /* DetailViewController.swift */,
				7CF269682BA8C1FB005C7BF6 /* DesignPatterns.swift */,
			);
			path = Controller;
			sourceTree = "<group>";
		};
/* End PBXGroup section */

/* Begin PBXNativeTarget section */
		1B73D4A52A4B3DE100A791C2 /* NetworkCallsTemplate */ = {
			isa = PBXNativeTarget;
			buildConfigurationList = 1B73D4BA2A4B3DE200A791C2 /* Build configuration list for PBXNativeTarget "NetworkCallsTemplate" */;
			buildPhases = (
				1B73D4A22A4B3DE100A791C2 /* Sources */,
				1B73D4A32A4B3DE100A791C2 /* Frameworks */,
				1B73D4A42A4B3DE100A791C2 /* Resources */,
			);
			buildRules = (
			);
			dependencies = (
			);
			name = NetworkCallsTemplate;
			productName = NetworkCallsTemplate;
			productReference = 1B73D4A62A4B3DE100A791C2 /* NetworkCallsTemplate.app */;
			productType = "com.apple.product-type.application";
		};
		4278A5F82BB2091300D2934B /* NetworkCallsTemplateTests */ = {
			isa = PBXNativeTarget;
			buildConfigurationList = 4278A6012BB2091300D2934B /* Build configuration list for PBXNativeTarget "NetworkCallsTemplateTests" */;
			buildPhases = (
				4278A5F52BB2091300D2934B /* Sources */,
				4278A5F62BB2091300D2934B /* Frameworks */,
				4278A5F72BB2091300D2934B /* Resources */,
			);
			buildRules = (
			);
			dependencies = (
				4278A5FE2BB2091300D2934B /* PBXTargetDependency */,
			);
			name = NetworkCallsTemplateTests;
			productName = NetworkCallsTemplateTests;
			productReference = 4278A5F92BB2091300D2934B /* NetworkCallsTemplateTests.xctest */;
			productType = "com.apple.product-type.bundle.unit-test";
		};
		731C1D392BB395050029130E /* NetworkCallsTemplateUITests */ = {
			isa = PBXNativeTarget;
			buildConfigurationList = 731C1D442BB395050029130E /* Build configuration list for PBXNativeTarget "NetworkCallsTemplateUITests" */;
			buildPhases = (
				731C1D362BB395050029130E /* Sources */,
				731C1D372BB395050029130E /* Frameworks */,
				731C1D382BB395050029130E /* Resources */,
			);
			buildRules = (
			);
			dependencies = (
				731C1D412BB395050029130E /* PBXTargetDependency */,
			);
			name = NetworkCallsTemplateUITests;
			productName = NetworkCallsTemplateUITests;
			productReference = 731C1D3A2BB395050029130E /* NetworkCallsTemplateUITests.xctest */;
			productType = "com.apple.product-type.bundle.ui-testing";
		};
/* End PBXNativeTarget section */

/* Begin PBXProject section */
		1B73D49E2A4B3DE100A791C2 /* Project object */ = {
			isa = PBXProject;
			attributes = {
				BuildIndependentTargetsInParallel = 1;
				LastSwiftUpdateCheck = 1530;
				LastUpgradeCheck = 1430;
				TargetAttributes = {
					1B73D4A52A4B3DE100A791C2 = {
						CreatedOnToolsVersion = 14.3.1;
					};
					4278A5F82BB2091300D2934B = {
						CreatedOnToolsVersion = 15.3;
						TestTargetID = 1B73D4A52A4B3DE100A791C2;
					};
					731C1D392BB395050029130E = {
						CreatedOnToolsVersion = 15.3;
						TestTargetID = 1B73D4A52A4B3DE100A791C2;
					};
				};
			};
			buildConfigurationList = 1B73D4A12A4B3DE100A791C2 /* Build configuration list for PBXProject "NetworkCallsTemplate" */;
			compatibilityVersion = "Xcode 14.0";
			developmentRegion = en;
			hasScannedForEncodings = 0;
			knownRegions = (
				en,
				Base,
			);
			mainGroup = 1B73D49D2A4B3DE100A791C2;
			productRefGroup = 1B73D4A72A4B3DE100A791C2 /* Products */;
			projectDirPath = "";
			projectRoot = "";
			targets = (
				1B73D4A52A4B3DE100A791C2 /* NetworkCallsTemplate */,
				4278A5F82BB2091300D2934B /* NetworkCallsTemplateTests */,
				731C1D392BB395050029130E /* NetworkCallsTemplateUITests */,
			);
		};
/* End PBXProject section */

/* Begin PBXResourcesBuildPhase section */
		1B73D4A42A4B3DE100A791C2 /* Resources */ = {
			isa = PBXResourcesBuildPhase;
			buildActionMask = 2147483647;
			files = (
				1B73D4CB2A4B3EF400A791C2 /* Main.storyboard in Resources */,
				1B73D4B62A4B3DE200A791C2 /* LaunchScreen.storyboard in Resources */,
				1B73D4B32A4B3DE200A791C2 /* Assets.xcassets in Resources */,
			);
			runOnlyForDeploymentPostprocessing = 0;
		};
		4278A5F72BB2091300D2934B /* Resources */ = {
			isa = PBXResourcesBuildPhase;
			buildActionMask = 2147483647;
			files = (
			);
			runOnlyForDeploymentPostprocessing = 0;
		};
		731C1D382BB395050029130E /* Resources */ = {
			isa = PBXResourcesBuildPhase;
			buildActionMask = 2147483647;
			files = (
			);
			runOnlyForDeploymentPostprocessing = 0;
		};
/* End PBXResourcesBuildPhase section */

/* Begin PBXSourcesBuildPhase section */
		1B73D4A22A4B3DE100A791C2 /* Sources */ = {
			isa = PBXSourcesBuildPhase;
			buildActionMask = 2147483647;
			files = (
				7CF2696D2BA8CE1E005C7BF6 /* DetailViewController.swift in Sources */,
				1B73D4CE2A4B3FDF00A791C2 /* Model.swift in Sources */,
				7CF269692BA8C1FB005C7BF6 /* DesignPatterns.swift in Sources */,
				1B73D4C52A4B3E8F00A791C2 /* SmallMovieCell.swift in Sources */,
				1B73D4AA2A4B3DE100A791C2 /* AppDelegate.swift in Sources */,
				1B73D4C42A4B3E8F00A791C2 /* MainView.swift in Sources */,
				1B73D4C72A4B3E8F00A791C2 /* DetailsMovieCell.swift in Sources */,
				1B73D4AC2A4B3DE100A791C2 /* SceneDelegate.swift in Sources */,
				7C3D172E2A4E0C51008FE0A3 /* MovieDBService.swift in Sources */,
				1B73D4C62A4B3E8F00A791C2 /* DetailsView.swift in Sources */,
				7CF2696B2BA8CDC4005C7BF6 /* MainViewController.swift in Sources */,
			);
			runOnlyForDeploymentPostprocessing = 0;
		};
		4278A5F52BB2091300D2934B /* Sources */ = {
			isa = PBXSourcesBuildPhase;
			buildActionMask = 2147483647;
			files = (
				4278A6042BB3373F00D2934B /* MovieDBServiceMock.swift in Sources */,
				4278A5FC2BB2091300D2934B /* NetworkCallsTemplateTests.swift in Sources */,
			);
			runOnlyForDeploymentPostprocessing = 0;
		};
		731C1D362BB395050029130E /* Sources */ = {
			isa = PBXSourcesBuildPhase;
			buildActionMask = 2147483647;
			files = (
				731C1D3D2BB395050029130E /* NetworkCallsTemplateUITests.swift in Sources */,
				731C1D3F2BB395050029130E /* NetworkCallsTemplateUITestsLaunchTests.swift in Sources */,
			);
			runOnlyForDeploymentPostprocessing = 0;
		};
/* End PBXSourcesBuildPhase section */

/* Begin PBXTargetDependency section */
		4278A5FE2BB2091300D2934B /* PBXTargetDependency */ = {
			isa = PBXTargetDependency;
			target = 1B73D4A52A4B3DE100A791C2 /* NetworkCallsTemplate */;
			targetProxy = 4278A5FD2BB2091300D2934B /* PBXContainerItemProxy */;
		};
		731C1D412BB395050029130E /* PBXTargetDependency */ = {
			isa = PBXTargetDependency;
			target = 1B73D4A52A4B3DE100A791C2 /* NetworkCallsTemplate */;
			targetProxy = 731C1D402BB395050029130E /* PBXContainerItemProxy */;
		};
/* End PBXTargetDependency section */

/* Begin PBXVariantGroup section */
		1B73D4B42A4B3DE200A791C2 /* LaunchScreen.storyboard */ = {
			isa = PBXVariantGroup;
			children = (
				1B73D4B52A4B3DE200A791C2 /* Base */,
			);
			name = LaunchScreen.storyboard;
			sourceTree = "<group>";
		};
/* End PBXVariantGroup section */

/* Begin XCBuildConfiguration section */
		1B73D4B82A4B3DE200A791C2 /* Debug */ = {
			isa = XCBuildConfiguration;
			buildSettings = {
				ALWAYS_SEARCH_USER_PATHS = NO;
				CLANG_ANALYZER_NONNULL = YES;
				CLANG_ANALYZER_NUMBER_OBJECT_CONVERSION = YES_AGGRESSIVE;
				CLANG_CXX_LANGUAGE_STANDARD = "gnu++20";
				CLANG_ENABLE_MODULES = YES;
				CLANG_ENABLE_OBJC_ARC = YES;
				CLANG_ENABLE_OBJC_WEAK = YES;
				CLANG_WARN_BLOCK_CAPTURE_AUTORELEASING = YES;
				CLANG_WARN_BOOL_CONVERSION = YES;
				CLANG_WARN_COMMA = YES;
				CLANG_WARN_CONSTANT_CONVERSION = YES;
				CLANG_WARN_DEPRECATED_OBJC_IMPLEMENTATIONS = YES;
				CLANG_WARN_DIRECT_OBJC_ISA_USAGE = YES_ERROR;
				CLANG_WARN_DOCUMENTATION_COMMENTS = YES;
				CLANG_WARN_EMPTY_BODY = YES;
				CLANG_WARN_ENUM_CONVERSION = YES;
				CLANG_WARN_INFINITE_RECURSION = YES;
				CLANG_WARN_INT_CONVERSION = YES;
				CLANG_WARN_NON_LITERAL_NULL_CONVERSION = YES;
				CLANG_WARN_OBJC_IMPLICIT_RETAIN_SELF = YES;
				CLANG_WARN_OBJC_LITERAL_CONVERSION = YES;
				CLANG_WARN_OBJC_ROOT_CLASS = YES_ERROR;
				CLANG_WARN_QUOTED_INCLUDE_IN_FRAMEWORK_HEADER = YES;
				CLANG_WARN_RANGE_LOOP_ANALYSIS = YES;
				CLANG_WARN_STRICT_PROTOTYPES = YES;
				CLANG_WARN_SUSPICIOUS_MOVE = YES;
				CLANG_WARN_UNGUARDED_AVAILABILITY = YES_AGGRESSIVE;
				CLANG_WARN_UNREACHABLE_CODE = YES;
				CLANG_WARN__DUPLICATE_METHOD_MATCH = YES;
				COPY_PHASE_STRIP = NO;
				DEBUG_INFORMATION_FORMAT = dwarf;
				ENABLE_STRICT_OBJC_MSGSEND = YES;
				ENABLE_TESTABILITY = YES;
				GCC_C_LANGUAGE_STANDARD = gnu11;
				GCC_DYNAMIC_NO_PIC = NO;
				GCC_NO_COMMON_BLOCKS = YES;
				GCC_OPTIMIZATION_LEVEL = 0;
				GCC_PREPROCESSOR_DEFINITIONS = (
					"DEBUG=1",
					"$(inherited)",
				);
				GCC_WARN_64_TO_32_BIT_CONVERSION = YES;
				GCC_WARN_ABOUT_RETURN_TYPE = YES_ERROR;
				GCC_WARN_UNDECLARED_SELECTOR = YES;
				GCC_WARN_UNINITIALIZED_AUTOS = YES_AGGRESSIVE;
				GCC_WARN_UNUSED_FUNCTION = YES;
				GCC_WARN_UNUSED_VARIABLE = YES;
				IPHONEOS_DEPLOYMENT_TARGET = 16.4;
				MTL_ENABLE_DEBUG_INFO = INCLUDE_SOURCE;
				MTL_FAST_MATH = YES;
				ONLY_ACTIVE_ARCH = YES;
				SDKROOT = iphoneos;
				SWIFT_ACTIVE_COMPILATION_CONDITIONS = DEBUG;
				SWIFT_OPTIMIZATION_LEVEL = "-Onone";
			};
			name = Debug;
		};
		1B73D4B92A4B3DE200A791C2 /* Release */ = {
			isa = XCBuildConfiguration;
			buildSettings = {
				ALWAYS_SEARCH_USER_PATHS = NO;
				CLANG_ANALYZER_NONNULL = YES;
				CLANG_ANALYZER_NUMBER_OBJECT_CONVERSION = YES_AGGRESSIVE;
				CLANG_CXX_LANGUAGE_STANDARD = "gnu++20";
				CLANG_ENABLE_MODULES = YES;
				CLANG_ENABLE_OBJC_ARC = YES;
				CLANG_ENABLE_OBJC_WEAK = YES;
				CLANG_WARN_BLOCK_CAPTURE_AUTORELEASING = YES;
				CLANG_WARN_BOOL_CONVERSION = YES;
				CLANG_WARN_COMMA = YES;
				CLANG_WARN_CONSTANT_CONVERSION = YES;
				CLANG_WARN_DEPRECATED_OBJC_IMPLEMENTATIONS = YES;
				CLANG_WARN_DIRECT_OBJC_ISA_USAGE = YES_ERROR;
				CLANG_WARN_DOCUMENTATION_COMMENTS = YES;
				CLANG_WARN_EMPTY_BODY = YES;
				CLANG_WARN_ENUM_CONVERSION = YES;
				CLANG_WARN_INFINITE_RECURSION = YES;
				CLANG_WARN_INT_CONVERSION = YES;
				CLANG_WARN_NON_LITERAL_NULL_CONVERSION = YES;
				CLANG_WARN_OBJC_IMPLICIT_RETAIN_SELF = YES;
				CLANG_WARN_OBJC_LITERAL_CONVERSION = YES;
				CLANG_WARN_OBJC_ROOT_CLASS = YES_ERROR;
				CLANG_WARN_QUOTED_INCLUDE_IN_FRAMEWORK_HEADER = YES;
				CLANG_WARN_RANGE_LOOP_ANALYSIS = YES;
				CLANG_WARN_STRICT_PROTOTYPES = YES;
				CLANG_WARN_SUSPICIOUS_MOVE = YES;
				CLANG_WARN_UNGUARDED_AVAILABILITY = YES_AGGRESSIVE;
				CLANG_WARN_UNREACHABLE_CODE = YES;
				CLANG_WARN__DUPLICATE_METHOD_MATCH = YES;
				COPY_PHASE_STRIP = NO;
				DEBUG_INFORMATION_FORMAT = "dwarf-with-dsym";
				ENABLE_NS_ASSERTIONS = NO;
				ENABLE_STRICT_OBJC_MSGSEND = YES;
				GCC_C_LANGUAGE_STANDARD = gnu11;
				GCC_NO_COMMON_BLOCKS = YES;
				GCC_WARN_64_TO_32_BIT_CONVERSION = YES;
				GCC_WARN_ABOUT_RETURN_TYPE = YES_ERROR;
				GCC_WARN_UNDECLARED_SELECTOR = YES;
				GCC_WARN_UNINITIALIZED_AUTOS = YES_AGGRESSIVE;
				GCC_WARN_UNUSED_FUNCTION = YES;
				GCC_WARN_UNUSED_VARIABLE = YES;
				IPHONEOS_DEPLOYMENT_TARGET = 16.4;
				MTL_ENABLE_DEBUG_INFO = NO;
				MTL_FAST_MATH = YES;
				SDKROOT = iphoneos;
				SWIFT_COMPILATION_MODE = wholemodule;
				SWIFT_OPTIMIZATION_LEVEL = "-O";
				VALIDATE_PRODUCT = YES;
			};
			name = Release;
		};
		1B73D4BB2A4B3DE200A791C2 /* Debug */ = {
			isa = XCBuildConfiguration;
			buildSettings = {
				ASSETCATALOG_COMPILER_APPICON_NAME = AppIcon;
				ASSETCATALOG_COMPILER_GLOBAL_ACCENT_COLOR_NAME = AccentColor;
				CODE_SIGN_STYLE = Automatic;
				CURRENT_PROJECT_VERSION = 1;
				DEVELOPMENT_TEAM = PW83K3883G;
				GENERATE_INFOPLIST_FILE = YES;
				INFOPLIST_FILE = NetworkCallsTemplate/Info.plist;
				INFOPLIST_KEY_UIApplicationSupportsIndirectInputEvents = YES;
				INFOPLIST_KEY_UILaunchStoryboardName = LaunchScreen;
				INFOPLIST_KEY_UIMainStoryboardFile = Main;
				INFOPLIST_KEY_UISupportedInterfaceOrientations_iPad = "UIInterfaceOrientationPortrait UIInterfaceOrientationPortraitUpsideDown UIInterfaceOrientationLandscapeLeft UIInterfaceOrientationLandscapeRight";
				INFOPLIST_KEY_UISupportedInterfaceOrientations_iPhone = "UIInterfaceOrientationPortrait UIInterfaceOrientationLandscapeLeft UIInterfaceOrientationLandscapeRight";
				IPHONEOS_DEPLOYMENT_TARGET = 16.2;
				LD_RUNPATH_SEARCH_PATHS = (
					"$(inherited)",
					"@executable_path/Frameworks",
				);
				MARKETING_VERSION = 1.0;
				PRODUCT_BUNDLE_IDENTIFIER = com.academy.apps.NetworkCallsTemplate;
				PRODUCT_NAME = "$(TARGET_NAME)";
				SWIFT_EMIT_LOC_STRINGS = YES;
				SWIFT_VERSION = 5.0;
				TARGETED_DEVICE_FAMILY = "1,2";
			};
			name = Debug;
		};
		1B73D4BC2A4B3DE200A791C2 /* Release */ = {
			isa = XCBuildConfiguration;
			buildSettings = {
				ASSETCATALOG_COMPILER_APPICON_NAME = AppIcon;
				ASSETCATALOG_COMPILER_GLOBAL_ACCENT_COLOR_NAME = AccentColor;
				CODE_SIGN_STYLE = Automatic;
				CURRENT_PROJECT_VERSION = 1;
				DEVELOPMENT_TEAM = PW83K3883G;
				GENERATE_INFOPLIST_FILE = YES;
				INFOPLIST_FILE = NetworkCallsTemplate/Info.plist;
				INFOPLIST_KEY_UIApplicationSupportsIndirectInputEvents = YES;
				INFOPLIST_KEY_UILaunchStoryboardName = LaunchScreen;
				INFOPLIST_KEY_UIMainStoryboardFile = Main;
				INFOPLIST_KEY_UISupportedInterfaceOrientations_iPad = "UIInterfaceOrientationPortrait UIInterfaceOrientationPortraitUpsideDown UIInterfaceOrientationLandscapeLeft UIInterfaceOrientationLandscapeRight";
				INFOPLIST_KEY_UISupportedInterfaceOrientations_iPhone = "UIInterfaceOrientationPortrait UIInterfaceOrientationLandscapeLeft UIInterfaceOrientationLandscapeRight";
				IPHONEOS_DEPLOYMENT_TARGET = 16.2;
				LD_RUNPATH_SEARCH_PATHS = (
					"$(inherited)",
					"@executable_path/Frameworks",
				);
				MARKETING_VERSION = 1.0;
				PRODUCT_BUNDLE_IDENTIFIER = com.academy.apps.NetworkCallsTemplate;
				PRODUCT_NAME = "$(TARGET_NAME)";
				SWIFT_EMIT_LOC_STRINGS = YES;
				SWIFT_VERSION = 5.0;
				TARGETED_DEVICE_FAMILY = "1,2";
			};
			name = Release;
		};
		4278A5FF2BB2091300D2934B /* Debug */ = {
			isa = XCBuildConfiguration;
			buildSettings = {
				ASSETCATALOG_COMPILER_GENERATE_SWIFT_ASSET_SYMBOL_EXTENSIONS = YES;
				BUNDLE_LOADER = "$(TEST_HOST)";
				CODE_SIGN_STYLE = Automatic;
				CURRENT_PROJECT_VERSION = 1;
				DEVELOPMENT_TEAM = PW83K3883G;
				ENABLE_USER_SCRIPT_SANDBOXING = YES;
				GCC_C_LANGUAGE_STANDARD = gnu17;
				GENERATE_INFOPLIST_FILE = YES;
				IPHONEOS_DEPLOYMENT_TARGET = 17.2;
				LOCALIZATION_PREFERS_STRING_CATALOGS = YES;
				MARKETING_VERSION = 1.0;
				PRODUCT_BUNDLE_IDENTIFIER = com.WaldyrSchneider.NetworkCallsTemplateTests;
				PRODUCT_NAME = "$(TARGET_NAME)";
				SWIFT_ACTIVE_COMPILATION_CONDITIONS = "DEBUG $(inherited)";
				SWIFT_EMIT_LOC_STRINGS = NO;
				SWIFT_VERSION = 5.0;
				TARGETED_DEVICE_FAMILY = "1,2";
				TEST_HOST = "$(BUILT_PRODUCTS_DIR)/NetworkCallsTemplate.app/$(BUNDLE_EXECUTABLE_FOLDER_PATH)/NetworkCallsTemplate";
			};
			name = Debug;
		};
		4278A6002BB2091300D2934B /* Release */ = {
			isa = XCBuildConfiguration;
			buildSettings = {
				ASSETCATALOG_COMPILER_GENERATE_SWIFT_ASSET_SYMBOL_EXTENSIONS = YES;
				BUNDLE_LOADER = "$(TEST_HOST)";
				CODE_SIGN_STYLE = Automatic;
				CURRENT_PROJECT_VERSION = 1;
				DEVELOPMENT_TEAM = PW83K3883G;
				ENABLE_USER_SCRIPT_SANDBOXING = YES;
				GCC_C_LANGUAGE_STANDARD = gnu17;
				GENERATE_INFOPLIST_FILE = YES;
				IPHONEOS_DEPLOYMENT_TARGET = 17.2;
				LOCALIZATION_PREFERS_STRING_CATALOGS = YES;
				MARKETING_VERSION = 1.0;
				PRODUCT_BUNDLE_IDENTIFIER = com.WaldyrSchneider.NetworkCallsTemplateTests;
				PRODUCT_NAME = "$(TARGET_NAME)";
				SWIFT_EMIT_LOC_STRINGS = NO;
				SWIFT_VERSION = 5.0;
				TARGETED_DEVICE_FAMILY = "1,2";
				TEST_HOST = "$(BUILT_PRODUCTS_DIR)/NetworkCallsTemplate.app/$(BUNDLE_EXECUTABLE_FOLDER_PATH)/NetworkCallsTemplate";
			};
			name = Release;
		};
		731C1D422BB395050029130E /* Debug */ = {
			isa = XCBuildConfiguration;
			buildSettings = {
				ASSETCATALOG_COMPILER_GENERATE_SWIFT_ASSET_SYMBOL_EXTENSIONS = YES;
				CODE_SIGN_STYLE = Automatic;
				CURRENT_PROJECT_VERSION = 1;
				DEVELOPMENT_TEAM = 7M3927V7ZA;
				ENABLE_USER_SCRIPT_SANDBOXING = YES;
				GCC_C_LANGUAGE_STANDARD = gnu17;
				GENERATE_INFOPLIST_FILE = YES;
				IPHONEOS_DEPLOYMENT_TARGET = 17.4;
				LOCALIZATION_PREFERS_STRING_CATALOGS = YES;
				MARKETING_VERSION = 1.0;
				PRODUCT_BUNDLE_IDENTIFIER = com.lucianalemos.NetworkCallsTemplateUITests;
				PRODUCT_NAME = "$(TARGET_NAME)";
				SWIFT_ACTIVE_COMPILATION_CONDITIONS = "DEBUG $(inherited)";
				SWIFT_EMIT_LOC_STRINGS = NO;
				SWIFT_VERSION = 5.0;
				TARGETED_DEVICE_FAMILY = "1,2";
				TEST_TARGET_NAME = NetworkCallsTemplate;
			};
			name = Debug;
		};
		731C1D432BB395050029130E /* Release */ = {
			isa = XCBuildConfiguration;
			buildSettings = {
				ASSETCATALOG_COMPILER_GENERATE_SWIFT_ASSET_SYMBOL_EXTENSIONS = YES;
				CODE_SIGN_STYLE = Automatic;
				CURRENT_PROJECT_VERSION = 1;
				DEVELOPMENT_TEAM = 7M3927V7ZA;
				ENABLE_USER_SCRIPT_SANDBOXING = YES;
				GCC_C_LANGUAGE_STANDARD = gnu17;
				GENERATE_INFOPLIST_FILE = YES;
				IPHONEOS_DEPLOYMENT_TARGET = 17.4;
				LOCALIZATION_PREFERS_STRING_CATALOGS = YES;
				MARKETING_VERSION = 1.0;
				PRODUCT_BUNDLE_IDENTIFIER = com.lucianalemos.NetworkCallsTemplateUITests;
				PRODUCT_NAME = "$(TARGET_NAME)";
				SWIFT_EMIT_LOC_STRINGS = NO;
				SWIFT_VERSION = 5.0;
				TARGETED_DEVICE_FAMILY = "1,2";
				TEST_TARGET_NAME = NetworkCallsTemplate;
			};
			name = Release;
		};
/* End XCBuildConfiguration section */

/* Begin XCConfigurationList section */
		1B73D4A12A4B3DE100A791C2 /* Build configuration list for PBXProject "NetworkCallsTemplate" */ = {
			isa = XCConfigurationList;
			buildConfigurations = (
				1B73D4B82A4B3DE200A791C2 /* Debug */,
				1B73D4B92A4B3DE200A791C2 /* Release */,
			);
			defaultConfigurationIsVisible = 0;
			defaultConfigurationName = Release;
		};
		1B73D4BA2A4B3DE200A791C2 /* Build configuration list for PBXNativeTarget "NetworkCallsTemplate" */ = {
			isa = XCConfigurationList;
			buildConfigurations = (
				1B73D4BB2A4B3DE200A791C2 /* Debug */,
				1B73D4BC2A4B3DE200A791C2 /* Release */,
			);
			defaultConfigurationIsVisible = 0;
			defaultConfigurationName = Release;
		};
		4278A6012BB2091300D2934B /* Build configuration list for PBXNativeTarget "NetworkCallsTemplateTests" */ = {
			isa = XCConfigurationList;
			buildConfigurations = (
				4278A5FF2BB2091300D2934B /* Debug */,
				4278A6002BB2091300D2934B /* Release */,
			);
			defaultConfigurationIsVisible = 0;
			defaultConfigurationName = Release;
		};
		731C1D442BB395050029130E /* Build configuration list for PBXNativeTarget "NetworkCallsTemplateUITests" */ = {
			isa = XCConfigurationList;
			buildConfigurations = (
				731C1D422BB395050029130E /* Debug */,
				731C1D432BB395050029130E /* Release */,
			);
			defaultConfigurationIsVisible = 0;
			defaultConfigurationName = Release;
		};
/* End XCConfigurationList section */
	};
	rootObject = 1B73D49E2A4B3DE100A791C2 /* Project object */;
}
